
Microsoft Visual Studio Solution File, Format Version 12.00
# Visual Studio Version 17
VisualStudioVersion = 17.4.33213.308
MinimumVisualStudioVersion = 10.0.40219.1
Project("{FAE04EC0-301F-11D3-BF4B-00C04F79EFBC}") = "modul5_1302210025", "modul5_1302210025\modul5_1302210025.csproj", "{9774DF4B-0D03-46A9-8185-58ABECE8A0DD}"
EndProject
Global
	GlobalSection(SolutionConfigurationPlatforms) = preSolution
		Debug|Any CPU = Debug|Any CPU
		Release|Any CPU = Release|Any CPU
	EndGlobalSection
	GlobalSection(ProjectConfigurationPlatforms) = postSolution
		{9774DF4B-0D03-46A9-8185-58ABECE8A0DD}.Debug|Any CPU.ActiveCfg = Debug|Any CPU
		{9774DF4B-0D03-46A9-8185-58ABECE8A0DD}.Debug|Any CPU.Build.0 = Debug|Any CPU
		{9774DF4B-0D03-46A9-8185-58ABECE8A0DD}.Release|Any CPU.ActiveCfg = Release|Any CPU
		{9774DF4B-0D03-46A9-8185-58ABECE8A0DD}.Release|Any CPU.Build.0 = Release|Any CPU
	EndGlobalSection
	GlobalSection(SolutionProperties) = preSolution
		HideSolutionNode = FALSE
	EndGlobalSection
	GlobalSection(ExtensibilityGlobals) = postSolution
		SolutionGuid = {C10F5B17-DE76-4C63-AF91-90B0C7408A5E}
	EndGlobalSection
EndGlobal
